
Microsoft Visual Studio Solution File, Format Version 12.00
# Visual Studio Version 17
VisualStudioVersion = 17.5.002.0
MinimumVisualStudioVersion = 10.0.40219.1
Project("{9A19103F-16F7-4668-BE54-9A1E7A4F7556}") = "Rocky", "Rocky.csproj", "{BC4819F0-E595-45F2-A6F5-B8DB187BFCFE}"
EndProject
Project("{FAE04EC0-301F-11D3-BF4B-00C04F79EFBC}") = "Rocky_Utility", "Rocky_Utility\Rocky_Utility.csproj", "{6526B1CB-5C8D-404A-B9A1-4723DCE33B18}"
EndProject
Project("{FAE04EC0-301F-11D3-BF4B-00C04F79EFBC}") = "Rocky_DataAccess", "Rocky_DataAccess\Rocky_DataAccess.csproj", "{035B8FC2-65B8-44AE-905D-BA82A44CDDAF}"
EndProject
Project("{FAE04EC0-301F-11D3-BF4B-00C04F79EFBC}") = "Rocky_Models", "Rocky_Models\Rocky_Models.csproj", "{8CFCB0CA-2943-4AF8-A209-B772EEC2A28C}"
EndProject
Global
	GlobalSection(SolutionConfigurationPlatforms) = preSolution
		Debug|Any CPU = Debug|Any CPU
		Release|Any CPU = Release|Any CPU
	EndGlobalSection
	GlobalSection(ProjectConfigurationPlatforms) = postSolution
		{BC4819F0-E595-45F2-A6F5-B8DB187BFCFE}.Debug|Any CPU.ActiveCfg = Debug|Any CPU
		{BC4819F0-E595-45F2-A6F5-B8DB187BFCFE}.Debug|Any CPU.Build.0 = Debug|Any CPU
		{BC4819F0-E595-45F2-A6F5-B8DB187BFCFE}.Release|Any CPU.ActiveCfg = Release|Any CPU
		{BC4819F0-E595-45F2-A6F5-B8DB187BFCFE}.Release|Any CPU.Build.0 = Release|Any CPU
		{6526B1CB-5C8D-404A-B9A1-4723DCE33B18}.Debug|Any CPU.ActiveCfg = Debug|Any CPU
		{6526B1CB-5C8D-404A-B9A1-4723DCE33B18}.Debug|Any CPU.Build.0 = Debug|Any CPU
		{6526B1CB-5C8D-404A-B9A1-4723DCE33B18}.Release|Any CPU.ActiveCfg = Release|Any CPU
		{6526B1CB-5C8D-404A-B9A1-4723DCE33B18}.Release|Any CPU.Build.0 = Release|Any CPU
		{035B8FC2-65B8-44AE-905D-BA82A44CDDAF}.Debug|Any CPU.ActiveCfg = Debug|Any CPU
		{035B8FC2-65B8-44AE-905D-BA82A44CDDAF}.Debug|Any CPU.Build.0 = Debug|Any CPU
		{035B8FC2-65B8-44AE-905D-BA82A44CDDAF}.Release|Any CPU.ActiveCfg = Release|Any CPU
		{035B8FC2-65B8-44AE-905D-BA82A44CDDAF}.Release|Any CPU.Build.0 = Release|Any CPU
		{030B8BFB-EA74-48ED-9DCE-FB50D94AD660}.Debug|Any CPU.ActiveCfg = Debug|Any CPU
		{030B8BFB-EA74-48ED-9DCE-FB50D94AD660}.Debug|Any CPU.Build.0 = Debug|Any CPU
		{030B8BFB-EA74-48ED-9DCE-FB50D94AD660}.Release|Any CPU.ActiveCfg = Release|Any CPU
		{030B8BFB-EA74-48ED-9DCE-FB50D94AD660}.Release|Any CPU.Build.0 = Release|Any CPU
		{8CFCB0CA-2943-4AF8-A209-B772EEC2A28C}.Debug|Any CPU.ActiveCfg = Debug|Any CPU
		{8CFCB0CA-2943-4AF8-A209-B772EEC2A28C}.Debug|Any CPU.Build.0 = Debug|Any CPU
		{8CFCB0CA-2943-4AF8-A209-B772EEC2A28C}.Release|Any CPU.ActiveCfg = Release|Any CPU
		{8CFCB0CA-2943-4AF8-A209-B772EEC2A28C}.Release|Any CPU.Build.0 = Release|Any CPU
	EndGlobalSection
	GlobalSection(SolutionProperties) = preSolution
		HideSolutionNode = FALSE
	EndGlobalSection
	GlobalSection(ExtensibilityGlobals) = postSolution
		SolutionGuid = {EE965954-0D3C-4725-8CB1-0CABC73B1B15}
	EndGlobalSection
EndGlobal
